// !$*UTF8*$!
{
	archiveVersion = 1;
	classes = {
	};
	objectVersion = 56;
	objects = {

/* Begin PBXBuildFile section */
		A10000010000000000000001 /* ScoreWiseApp.swift in Sources */ = {isa = PBXBuildFile; fileRef = A20000010000000000000001 /* ScoreWiseApp.swift */; };
		A10000020000000000000001 /* AppCore.swift in Sources */ = {isa = PBXBuildFile; fileRef = A20000020000000000000001 /* AppCore.swift */; };
		A10000030000000000000001 /* Models.swift in Sources */ = {isa = PBXBuildFile; fileRef = A20000030000000000000001 /* Models.swift */; };
		A10000040000000000000001 /* RankingEngine.swift in Sources */ = {isa = PBXBuildFile; fileRef = A20000040000000000000001 /* RankingEngine.swift */; };
		A10000050000000000000001 /* Services.swift in Sources */ = {isa = PBXBuildFile; fileRef = A20000050000000000000001 /* Services.swift */; };
		A10000060000000000000001 /* PDFExportService.swift in Sources */ = {isa = PBXBuildFile; fileRef = A20000060000000000000001 /* PDFExportService.swift */; };
		A10000070000000000000001 /* DesignSystem.swift in Sources */ = {isa = PBXBuildFile; fileRef = A20000070000000000000001 /* DesignSystem.swift */; };
		A10000080000000000000001 /* Views.swift in Sources */ = {isa = PBXBuildFile; fileRef = A20000080000000000000001 /* Views.swift */; };
		A10000090000000000000001 /* RankingEngineTests.swift in Sources */ = {isa = PBXBuildFile; fileRef = A20000090000000000000001 /* RankingEngineTests.swift */; };
		A100000A0000000000000001 /* SurveyTaggerTests.swift in Sources */ = {isa = PBXBuildFile; fileRef = A200000A0000000000000001 /* SurveyTaggerTests.swift */; };
		A100000B0000000000000001 /* XCTest.framework in Frameworks */ = {isa = PBXBuildFile; fileRef = A200000B0000000000000001 /* XCTest.framework */; };
		A100000C0000000000000001 /* DecisionEngineTypes.swift in Sources */ = {isa = PBXBuildFile; fileRef = A200000C0000000000000001 /* DecisionEngineTypes.swift */; };
		A100000D0000000000000001 /* DecisionEngine.swift in Sources */ = {isa = PBXBuildFile; fileRef = A200000D0000000000000001 /* DecisionEngine.swift */; };
		A100000E0000000000000001 /* DecisionEngineParsingTests.swift in Sources */ = {isa = PBXBuildFile; fileRef = A200000E0000000000000001 /* DecisionEngineParsingTests.swift */; };
		A100000F0000000000000001 /* DecisionEngineConstraintTests.swift in Sources */ = {isa = PBXBuildFile; fileRef = A200000F0000000000000001 /* DecisionEngineConstraintTests.swift */; };
		A10000100000000000000001 /* DecisionEngineMatrixTests.swift in Sources */ = {isa = PBXBuildFile; fileRef = A20000100000000000000001 /* DecisionEngineMatrixTests.swift */; };
		A10000110000000000000001 /* SituationParser.swift in Sources */ = {isa = PBXBuildFile; fileRef = A20000110000000000000001 /* SituationParser.swift */; };
		A10000120000000000000001 /* OptionExtractor.swift in Sources */ = {isa = PBXBuildFile; fileRef = A20000120000000000000001 /* OptionExtractor.swift */; };
		A10000130000000000000001 /* ConstraintDetector.swift in Sources */ = {isa = PBXBuildFile; fileRef = A20000130000000000000001 /* ConstraintDetector.swift */; };
		B10000010000000000000001 /* GoogleService-Info.plist in Resources */ = {isa = PBXBuildFile; fileRef = B20000010000000000000001 /* GoogleService-Info.plist */; };
		B10000020000000000000001 /* FirebaseAuth in Frameworks */ = {isa = PBXBuildFile; productRef = B50000010000000000000001 /* FirebaseAuth */; };
		B10000030000000000000001 /* FirebaseCore in Frameworks */ = {isa = PBXBuildFile; productRef = B50000020000000000000001 /* FirebaseCore */; };
		B10000040000000000000001 /* FirebaseFunctions in Frameworks */ = {isa = PBXBuildFile; productRef = B50000030000000000000001 /* FirebaseFunctions */; };
		B10000050000000000000001 /* FirebaseFirestore in Frameworks */ = {isa = PBXBuildFile; productRef = B50000040000000000000001 /* FirebaseFirestore */; };
		B10000060000000000000001 /* FirebaseStorage in Frameworks */ = {isa = PBXBuildFile; productRef = B50000050000000000000001 /* FirebaseStorage */; };
		B10000070000000000000001 /* GoogleSignIn in Frameworks */ = {isa = PBXBuildFile; productRef = B50000060000000000000001 /* GoogleSignIn */; };
/* End PBXBuildFile section */

/* Begin PBXContainerItemProxy section */
		A30000010000000000000001 /* PBXContainerItemProxy */ = {
			isa = PBXContainerItemProxy;
			containerPortal = A40000010000000000000001 /* Project object */;
			proxyType = 1;
			remoteGlobalIDString = A50000010000000000000001;
			remoteInfo = ScoreWise;
		};
/* End PBXContainerItemProxy section */

/* Begin PBXFileReference section */
		A20000000000000000000001 /* ScoreWise.app */ = {isa = PBXFileReference; explicitFileType = wrapper.application; includeInIndex = 0; path = ScoreWise.app; sourceTree = BUILT_PRODUCTS_DIR; };
		A20000000000000000000002 /* ScoreWiseTests.xctest */ = {isa = PBXFileReference; explicitFileType = wrapper.cfbundle; includeInIndex = 0; path = ScoreWiseTests.xctest; sourceTree = BUILT_PRODUCTS_DIR; };
		A20000010000000000000001 /* ScoreWiseApp.swift */ = {isa = PBXFileReference; lastKnownFileType = sourcecode.swift; path = ScoreWiseApp.swift; sourceTree = "<group>"; };
		A20000020000000000000001 /* AppCore.swift */ = {isa = PBXFileReference; lastKnownFileType = sourcecode.swift; path = AppCore.swift; sourceTree = "<group>"; };
		A20000030000000000000001 /* Models.swift */ = {isa = PBXFileReference; lastKnownFileType = sourcecode.swift; path = Models.swift; sourceTree = "<group>"; };
		A20000040000000000000001 /* RankingEngine.swift */ = {isa = PBXFileReference; lastKnownFileType = sourcecode.swift; path = RankingEngine.swift; sourceTree = "<group>"; };
		A20000050000000000000001 /* Services.swift */ = {isa = PBXFileReference; lastKnownFileType = sourcecode.swift; path = Services.swift; sourceTree = "<group>"; };
		A20000060000000000000001 /* PDFExportService.swift */ = {isa = PBXFileReference; lastKnownFileType = sourcecode.swift; path = PDFExportService.swift; sourceTree = "<group>"; };
		A20000070000000000000001 /* DesignSystem.swift */ = {isa = PBXFileReference; lastKnownFileType = sourcecode.swift; path = DesignSystem.swift; sourceTree = "<group>"; };
		A20000080000000000000001 /* Views.swift */ = {isa = PBXFileReference; lastKnownFileType = sourcecode.swift; path = Views.swift; sourceTree = "<group>"; };
		A20000090000000000000001 /* RankingEngineTests.swift */ = {isa = PBXFileReference; lastKnownFileType = sourcecode.swift; path = RankingEngineTests.swift; sourceTree = "<group>"; };
		A200000A0000000000000001 /* SurveyTaggerTests.swift */ = {isa = PBXFileReference; lastKnownFileType = sourcecode.swift; path = SurveyTaggerTests.swift; sourceTree = "<group>"; };
		A200000B0000000000000001 /* XCTest.framework */ = {isa = PBXFileReference; lastKnownFileType = wrapper.framework; name = XCTest.framework; path = System/Library/Frameworks/XCTest.framework; sourceTree = SDKROOT; };
		A200000C0000000000000001 /* DecisionEngineTypes.swift */ = {isa = PBXFileReference; lastKnownFileType = sourcecode.swift; path = DecisionEngineTypes.swift; sourceTree = "<group>"; };
		A200000D0000000000000001 /* DecisionEngine.swift */ = {isa = PBXFileReference; lastKnownFileType = sourcecode.swift; path = DecisionEngine.swift; sourceTree = "<group>"; };
		A200000E0000000000000001 /* DecisionEngineParsingTests.swift */ = {isa = PBXFileReference; lastKnownFileType = sourcecode.swift; path = DecisionEngineParsingTests.swift; sourceTree = "<group>"; };
		A200000F0000000000000001 /* DecisionEngineConstraintTests.swift */ = {isa = PBXFileReference; lastKnownFileType = sourcecode.swift; path = DecisionEngineConstraintTests.swift; sourceTree = "<group>"; };
		A20000100000000000000001 /* DecisionEngineMatrixTests.swift */ = {isa = PBXFileReference; lastKnownFileType = sourcecode.swift; path = DecisionEngineMatrixTests.swift; sourceTree = "<group>"; };
		A20000110000000000000001 /* SituationParser.swift */ = {isa = PBXFileReference; lastKnownFileType = sourcecode.swift; path = SituationParser.swift; sourceTree = "<group>"; };
		A20000120000000000000001 /* OptionExtractor.swift */ = {isa = PBXFileReference; lastKnownFileType = sourcecode.swift; path = OptionExtractor.swift; sourceTree = "<group>"; };
		A20000130000000000000001 /* ConstraintDetector.swift */ = {isa = PBXFileReference; lastKnownFileType = sourcecode.swift; path = ConstraintDetector.swift; sourceTree = "<group>"; };
		B20000010000000000000001 /* GoogleService-Info.plist */ = {isa = PBXFileReference; lastKnownFileType = text.plist.xml; path = GoogleService-Info.plist; sourceTree = "<group>"; };
		B20000020000000000000001 /* Info.plist */ = {isa = PBXFileReference; lastKnownFileType = text.plist.xml; path = Info.plist; sourceTree = "<group>"; };
		B20000030000000000000001 /* ScoreWise.entitlements */ = {isa = PBXFileReference; lastKnownFileType = text.plist.entitlements; path = ScoreWise.entitlements; sourceTree = "<group>"; };
/* End PBXFileReference section */

/* Begin PBXFrameworksBuildPhase section */
		A60000010000000000000001 /* Frameworks */ = {
			isa = PBXFrameworksBuildPhase;
			buildActionMask = 2147483647;
			files = (
				B10000020000000000000001 /* FirebaseAuth in Frameworks */,
				B10000030000000000000001 /* FirebaseCore in Frameworks */,
				B10000040000000000000001 /* FirebaseFunctions in Frameworks */,
				B10000050000000000000001 /* FirebaseFirestore in Frameworks */,
				B10000060000000000000001 /* FirebaseStorage in Frameworks */,
				B10000070000000000000001 /* GoogleSignIn in Frameworks */,
			);
			runOnlyForDeploymentPostprocessing = 0;
		};
		A60000020000000000000001 /* Frameworks */ = {
			isa = PBXFrameworksBuildPhase;
			buildActionMask = 2147483647;
			files = (
				A100000B0000000000000001 /* XCTest.framework in Frameworks */,
			);
			runOnlyForDeploymentPostprocessing = 0;
		};
/* End PBXFrameworksBuildPhase section */

/* Begin PBXGroup section */
		A70000010000000000000001 = {
			isa = PBXGroup;
			children = (
				A70000020000000000000001 /* ScoreWiseApp */,
				A70000030000000000000001 /* ScoreWiseTests */,
				A70000040000000000000001 /* Frameworks */,
				A70000050000000000000001 /* Products */,
			);
			sourceTree = "<group>";
		};
		A70000020000000000000001 /* ScoreWiseApp */ = {
			isa = PBXGroup;
			children = (
				B20000020000000000000001 /* Info.plist */,
				B20000010000000000000001 /* GoogleService-Info.plist */,
				B20000030000000000000001 /* ScoreWise.entitlements */,
				A20000010000000000000001 /* ScoreWiseApp.swift */,
				A20000020000000000000001 /* AppCore.swift */,
				A20000030000000000000001 /* Models.swift */,
				A20000040000000000000001 /* RankingEngine.swift */,
				A20000050000000000000001 /* Services.swift */,
				A70000060000000000000001 /* DecisionEngine */,
				A20000060000000000000001 /* PDFExportService.swift */,
				A20000070000000000000001 /* DesignSystem.swift */,
				A20000080000000000000001 /* Views.swift */,
			);
			path = ScoreWiseApp;
			sourceTree = "<group>";
		};
		A70000030000000000000001 /* ScoreWiseTests */ = {
			isa = PBXGroup;
			children = (
				A20000090000000000000001 /* RankingEngineTests.swift */,
				A200000A0000000000000001 /* SurveyTaggerTests.swift */,
				A200000E0000000000000001 /* DecisionEngineParsingTests.swift */,
				A200000F0000000000000001 /* DecisionEngineConstraintTests.swift */,
				A20000100000000000000001 /* DecisionEngineMatrixTests.swift */,
			);
			path = ScoreWiseTests;
			sourceTree = "<group>";
		};
		A70000060000000000000001 /* DecisionEngine */ = {
			isa = PBXGroup;
			children = (
				A200000C0000000000000001 /* DecisionEngineTypes.swift */,
				A200000D0000000000000001 /* DecisionEngine.swift */,
				A20000110000000000000001 /* SituationParser.swift */,
				A20000120000000000000001 /* OptionExtractor.swift */,
				A20000130000000000000001 /* ConstraintDetector.swift */,
			);
			path = DecisionEngine;
			sourceTree = "<group>";
		};
		A70000040000000000000001 /* Frameworks */ = {
			isa = PBXGroup;
			children = (
				A200000B0000000000000001 /* XCTest.framework */,
			);
			name = Frameworks;
			sourceTree = "<group>";
		};
		A70000050000000000000001 /* Products */ = {
			isa = PBXGroup;
			children = (
				A20000000000000000000001 /* ScoreWise.app */,
				A20000000000000000000002 /* ScoreWiseTests.xctest */,
			);
			name = Products;
			sourceTree = "<group>";
		};
/* End PBXGroup section */

/* Begin PBXNativeTarget section */
		A50000010000000000000001 /* ScoreWise */ = {
			isa = PBXNativeTarget;
			buildConfigurationList = A90000010000000000000001 /* Build configuration list for PBXNativeTarget "ScoreWise" */;
			buildPhases = (
				A80000010000000000000001 /* Sources */,
				A60000010000000000000001 /* Frameworks */,
				AA0000010000000000000001 /* Resources */,
			);
			buildRules = (
			);
			dependencies = (
			);
			name = ScoreWise;
			packageProductDependencies = (
				B50000010000000000000001 /* FirebaseAuth */,
				B50000020000000000000001 /* FirebaseCore */,
				B50000030000000000000001 /* FirebaseFunctions */,
				B50000040000000000000001 /* FirebaseFirestore */,
				B50000050000000000000001 /* FirebaseStorage */,
				B50000060000000000000001 /* GoogleSignIn */,
			);
			productName = ScoreWise;
			productReference = A20000000000000000000001 /* ScoreWise.app */;
			productType = "com.apple.product-type.application";
		};
		A50000020000000000000001 /* ScoreWiseTests */ = {
			isa = PBXNativeTarget;
			buildConfigurationList = A90000020000000000000001 /* Build configuration list for PBXNativeTarget "ScoreWiseTests" */;
			buildPhases = (
				A80000020000000000000001 /* Sources */,
				A60000020000000000000001 /* Frameworks */,
				AA0000020000000000000001 /* Resources */,
			);
			buildRules = (
			);
			dependencies = (
				AB0000010000000000000001 /* PBXTargetDependency */,
			);
			name = ScoreWiseTests;
			productName = ScoreWiseTests;
			productReference = A20000000000000000000002 /* ScoreWiseTests.xctest */;
			productType = "com.apple.product-type.bundle.unit-test";
		};
/* End PBXNativeTarget section */

/* Begin PBXProject section */
		A40000010000000000000001 /* Project object */ = {
			isa = PBXProject;
			attributes = {
				BuildIndependentTargetsInParallel = 1;
				LastSwiftUpdateCheck = 1620;
				LastUpgradeCheck = 1620;
				TargetAttributes = {
					A50000010000000000000001 = {
						CreatedOnToolsVersion = 16.2;
					};
					A50000020000000000000001 = {
						CreatedOnToolsVersion = 16.2;
						TestTargetID = A50000010000000000000001;
					};
				};
			};
			buildConfigurationList = A90000030000000000000001 /* Build configuration list for PBXProject "ScoreWise" */;
			compatibilityVersion = "Xcode 14.0";
			developmentRegion = en;
			hasScannedForEncodings = 0;
			knownRegions = (
				en,
				Base,
			);
			mainGroup = A70000010000000000000001;
			packageReferences = (
				B40000010000000000000001 /* XCRemoteSwiftPackageReference "firebase-ios-sdk" */,
				B40000020000000000000001 /* XCRemoteSwiftPackageReference "GoogleSignIn-iOS" */,
			);
			productRefGroup = A70000050000000000000001 /* Products */;
			projectDirPath = "";
			projectRoot = "";
			targets = (
				A50000010000000000000001 /* ScoreWise */,
				A50000020000000000000001 /* ScoreWiseTests */,
			);
		};
/* End PBXProject section */

/* Begin PBXResourcesBuildPhase section */
		AA0000010000000000000001 /* Resources */ = {
			isa = PBXResourcesBuildPhase;
			buildActionMask = 2147483647;
			files = (
				B10000010000000000000001 /* GoogleService-Info.plist in Resources */,
			);
			runOnlyForDeploymentPostprocessing = 0;
		};
		AA0000020000000000000001 /* Resources */ = {
			isa = PBXResourcesBuildPhase;
			buildActionMask = 2147483647;
			files = (
			);
			runOnlyForDeploymentPostprocessing = 0;
		};
/* End PBXResourcesBuildPhase section */

/* Begin PBXSourcesBuildPhase section */
		A80000010000000000000001 /* Sources */ = {
			isa = PBXSourcesBuildPhase;
			buildActionMask = 2147483647;
			files = (
				A10000010000000000000001 /* ScoreWiseApp.swift in Sources */,
				A10000020000000000000001 /* AppCore.swift in Sources */,
				A10000030000000000000001 /* Models.swift in Sources */,
				A10000040000000000000001 /* RankingEngine.swift in Sources */,
				A10000050000000000000001 /* Services.swift in Sources */,
				A100000C0000000000000001 /* DecisionEngineTypes.swift in Sources */,
				A100000D0000000000000001 /* DecisionEngine.swift in Sources */,
				A10000110000000000000001 /* SituationParser.swift in Sources */,
				A10000120000000000000001 /* OptionExtractor.swift in Sources */,
				A10000130000000000000001 /* ConstraintDetector.swift in Sources */,
				A10000060000000000000001 /* PDFExportService.swift in Sources */,
				A10000070000000000000001 /* DesignSystem.swift in Sources */,
				A10000080000000000000001 /* Views.swift in Sources */,
			);
			runOnlyForDeploymentPostprocessing = 0;
		};
		A80000020000000000000001 /* Sources */ = {
			isa = PBXSourcesBuildPhase;
			buildActionMask = 2147483647;
			files = (
				A10000090000000000000001 /* RankingEngineTests.swift in Sources */,
				A100000A0000000000000001 /* SurveyTaggerTests.swift in Sources */,
				A100000E0000000000000001 /* DecisionEngineParsingTests.swift in Sources */,
				A100000F0000000000000001 /* DecisionEngineConstraintTests.swift in Sources */,
				A10000100000000000000001 /* DecisionEngineMatrixTests.swift in Sources */,
			);
			runOnlyForDeploymentPostprocessing = 0;
		};
/* End PBXSourcesBuildPhase section */

/* Begin PBXTargetDependency section */
		AB0000010000000000000001 /* PBXTargetDependency */ = {
			isa = PBXTargetDependency;
			target = A50000010000000000000001 /* ScoreWise */;
			targetProxy = A30000010000000000000001 /* PBXContainerItemProxy */;
		};
/* End PBXTargetDependency section */

/* Begin XCBuildConfiguration section */
		AC0000010000000000000001 /* Debug */ = {
			isa = XCBuildConfiguration;
			buildSettings = {
				ALWAYS_SEARCH_USER_PATHS = NO;
				CLANG_ENABLE_MODULES = YES;
				CLANG_ENABLE_OBJC_ARC = YES;
				COPY_PHASE_STRIP = NO;
				DEBUG_INFORMATION_FORMAT = dwarf;
				ENABLE_STRICT_OBJC_MSGSEND = YES;
				GCC_C_LANGUAGE_STANDARD = gnu17;
				GCC_NO_COMMON_BLOCKS = YES;
				GCC_OPTIMIZATION_LEVEL = 0;
				GCC_PREPROCESSOR_DEFINITIONS = (
					"DEBUG=1",
					"$(inherited)",
				);
				IPHONEOS_DEPLOYMENT_TARGET = 17.0;
				SDKROOT = iphoneos;
				SWIFT_ACTIVE_COMPILATION_CONDITIONS = DEBUG;
				SWIFT_OPTIMIZATION_LEVEL = "-Onone";
			};
			name = Debug;
		};
		AC0000020000000000000001 /* Release */ = {
			isa = XCBuildConfiguration;
			buildSettings = {
				ALWAYS_SEARCH_USER_PATHS = NO;
				CLANG_ENABLE_MODULES = YES;
				CLANG_ENABLE_OBJC_ARC = YES;
				COPY_PHASE_STRIP = NO;
				DEBUG_INFORMATION_FORMAT = "dwarf-with-dsym";
				ENABLE_NS_ASSERTIONS = NO;
				ENABLE_STRICT_OBJC_MSGSEND = YES;
				GCC_C_LANGUAGE_STANDARD = gnu17;
				GCC_NO_COMMON_BLOCKS = YES;
				IPHONEOS_DEPLOYMENT_TARGET = 17.0;
				SDKROOT = iphoneos;
				SWIFT_OPTIMIZATION_LEVEL = "-O";
			};
			name = Release;
		};
		AC0000030000000000000001 /* Debug */ = {
			isa = XCBuildConfiguration;
			buildSettings = {
				ASSETCATALOG_COMPILER_APPICON_NAME = "";
				CODE_SIGN_ENTITLEMENTS = ScoreWiseApp/ScoreWise.entitlements;
				CODE_SIGN_STYLE = Automatic;
				CURRENT_PROJECT_VERSION = 1;
				DEVELOPMENT_TEAM = 6ZJ272TZ94;
				ENABLE_TESTABILITY = YES;
				ENABLE_PREVIEWS = YES;
				GENERATE_INFOPLIST_FILE = NO;
				INFOPLIST_FILE = ScoreWiseApp/Info.plist;
				LD_RUNPATH_SEARCH_PATHS = (
					"$(inherited)",
					"@executable_path/Frameworks",
				);
				MARKETING_VERSION = 1.0;
				PRODUCT_BUNDLE_IDENTIFIER = com.scorewise.app;
				PRODUCT_NAME = "$(TARGET_NAME)";
				SUPPORTED_PLATFORMS = "iphoneos iphonesimulator";
				SWIFT_EMIT_LOC_STRINGS = YES;
				SWIFT_VERSION = 5.0;
				TARGETED_DEVICE_FAMILY = 1;
			};
			name = Debug;
		};
		AC0000040000000000000001 /* Release */ = {
			isa = XCBuildConfiguration;
			buildSettings = {
				ASSETCATALOG_COMPILER_APPICON_NAME = "";
				CODE_SIGN_ENTITLEMENTS = ScoreWiseApp/ScoreWise.entitlements;
				CODE_SIGN_STYLE = Automatic;
				CURRENT_PROJECT_VERSION = 1;
				DEVELOPMENT_TEAM = 6ZJ272TZ94;
				ENABLE_PREVIEWS = YES;
				GENERATE_INFOPLIST_FILE = NO;
				INFOPLIST_FILE = ScoreWiseApp/Info.plist;
				LD_RUNPATH_SEARCH_PATHS = (
					"$(inherited)",
					"@executable_path/Frameworks",
				);
				MARKETING_VERSION = 1.0;
				PRODUCT_BUNDLE_IDENTIFIER = com.scorewise.app;
				PRODUCT_NAME = "$(TARGET_NAME)";
				SUPPORTED_PLATFORMS = "iphoneos iphonesimulator";
				SWIFT_EMIT_LOC_STRINGS = YES;
				SWIFT_VERSION = 5.0;
				TARGETED_DEVICE_FAMILY = 1;
			};
			name = Release;
		};
		AC0000050000000000000001 /* Debug */ = {
			isa = XCBuildConfiguration;
			buildSettings = {
				BUNDLE_LOADER = "$(TEST_HOST)";
				CODE_SIGN_STYLE = Automatic;
				CURRENT_PROJECT_VERSION = 1;
				DEVELOPMENT_TEAM = "";
				GENERATE_INFOPLIST_FILE = YES;
				MARKETING_VERSION = 1.0;
				PRODUCT_BUNDLE_IDENTIFIER = com.scorewise.app.tests;
				PRODUCT_NAME = "$(TARGET_NAME)";
				SUPPORTED_PLATFORMS = "iphoneos iphonesimulator";
				SWIFT_VERSION = 5.0;
				TARGETED_DEVICE_FAMILY = "1,2";
				TEST_HOST = "$(BUILT_PRODUCTS_DIR)/ScoreWise.app/ScoreWise";
			};
			name = Debug;
		};
		AC0000060000000000000001 /* Release */ = {
			isa = XCBuildConfiguration;
			buildSettings = {
				BUNDLE_LOADER = "$(TEST_HOST)";
				CODE_SIGN_STYLE = Automatic;
				CURRENT_PROJECT_VERSION = 1;
				DEVELOPMENT_TEAM = "";
				GENERATE_INFOPLIST_FILE = YES;
				MARKETING_VERSION = 1.0;
				PRODUCT_BUNDLE_IDENTIFIER = com.scorewise.app.tests;
				PRODUCT_NAME = "$(TARGET_NAME)";
				SUPPORTED_PLATFORMS = "iphoneos iphonesimulator";
				SWIFT_VERSION = 5.0;
				TARGETED_DEVICE_FAMILY = "1,2";
				TEST_HOST = "$(BUILT_PRODUCTS_DIR)/ScoreWise.app/ScoreWise";
			};
			name = Release;
		};
/* End XCBuildConfiguration section */

/* Begin XCConfigurationList section */
		A90000010000000000000001 /* Build configuration list for PBXNativeTarget "ScoreWise" */ = {
			isa = XCConfigurationList;
			buildConfigurations = (
				AC0000030000000000000001 /* Debug */,
				AC0000040000000000000001 /* Release */,
			);
			defaultConfigurationIsVisible = 0;
			defaultConfigurationName = Release;
		};
		A90000020000000000000001 /* Build configuration list for PBXNativeTarget "ScoreWiseTests" */ = {
			isa = XCConfigurationList;
			buildConfigurations = (
				AC0000050000000000000001 /* Debug */,
				AC0000060000000000000001 /* Release */,
			);
			defaultConfigurationIsVisible = 0;
			defaultConfigurationName = Release;
		};
		A90000030000000000000001 /* Build configuration list for PBXProject "ScoreWise" */ = {
			isa = XCConfigurationList;
			buildConfigurations = (
				AC0000010000000000000001 /* Debug */,
				AC0000020000000000000001 /* Release */,
			);
			defaultConfigurationIsVisible = 0;
			defaultConfigurationName = Release;
		};
/* End XCConfigurationList section */

/* Begin XCRemoteSwiftPackageReference section */
		B40000010000000000000001 /* XCRemoteSwiftPackageReference "firebase-ios-sdk" */ = {
			isa = XCRemoteSwiftPackageReference;
			repositoryURL = "https://github.com/firebase/firebase-ios-sdk.git";
			requirement = {
				kind = upToNextMajorVersion;
				minimumVersion = 11.0.0;
			};
		};
		B40000020000000000000001 /* XCRemoteSwiftPackageReference "GoogleSignIn-iOS" */ = {
			isa = XCRemoteSwiftPackageReference;
			repositoryURL = "https://github.com/google/GoogleSignIn-iOS";
			requirement = {
				kind = upToNextMajorVersion;
				minimumVersion = 7.1.0;
			};
		};
/* End XCRemoteSwiftPackageReference section */

/* Begin XCSwiftPackageProductDependency section */
		B50000010000000000000001 /* FirebaseAuth */ = {
			isa = XCSwiftPackageProductDependency;
			package = B40000010000000000000001 /* XCRemoteSwiftPackageReference "firebase-ios-sdk" */;
			productName = FirebaseAuth;
		};
		B50000020000000000000001 /* FirebaseCore */ = {
			isa = XCSwiftPackageProductDependency;
			package = B40000010000000000000001 /* XCRemoteSwiftPackageReference "firebase-ios-sdk" */;
			productName = FirebaseCore;
		};
		B50000030000000000000001 /* FirebaseFunctions */ = {
			isa = XCSwiftPackageProductDependency;
			package = B40000010000000000000001 /* XCRemoteSwiftPackageReference "firebase-ios-sdk" */;
			productName = FirebaseFunctions;
		};
		B50000040000000000000001 /* FirebaseFirestore */ = {
			isa = XCSwiftPackageProductDependency;
			package = B40000010000000000000001 /* XCRemoteSwiftPackageReference "firebase-ios-sdk" */;
			productName = FirebaseFirestore;
		};
		B50000050000000000000001 /* FirebaseStorage */ = {
			isa = XCSwiftPackageProductDependency;
			package = B40000010000000000000001 /* XCRemoteSwiftPackageReference "firebase-ios-sdk" */;
			productName = FirebaseStorage;
		};
		B50000060000000000000001 /* GoogleSignIn */ = {
			isa = XCSwiftPackageProductDependency;
			package = B40000020000000000000001 /* XCRemoteSwiftPackageReference "GoogleSignIn-iOS" */;
			productName = GoogleSignIn;
		};
/* End XCSwiftPackageProductDependency section */
	};
	rootObject = A40000010000000000000001 /* Project object */;
}
